
Microsoft Visual Studio Solution File, Format Version 12.00
# Visual Studio 15
VisualStudioVersion = 15.0.26403.7
MinimumVisualStudioVersion = 10.0.40219.1
Project("{FAE04EC0-301F-11D3-BF4B-00C04F79EFBC}") = "SolidPrinciples.WebApp", "SolidPrinciples.WebApp\SolidPrinciples.WebApp.csproj", "{B6581C64-5220-4DF7-BE90-AB3A7E706394}"
EndProject
Project("{FAE04EC0-301F-11D3-BF4B-00C04F79EFBC}") = "SolidPrinciple.Security.Legacy", "SolidPrinciple.Security.Legacy\SolidPrinciple.Security.Legacy.csproj", "{CBDC8A74-1BDE-4A8C-9C75-9AB5FF464747}"
EndProject
Project("{2150E333-8FDC-42A3-9474-1A3956D46DE8}") = "01. Legacy", "01. Legacy", "{ED08D33E-F2EC-4EB3-BBF5-D07952BAE264}"
EndProject
Project("{FAE04EC0-301F-11D3-BF4B-00C04F79EFBC}") = "SolidPrinciples.Security.Clean", "SolidPrinciples.Security.Clean\SolidPrinciples.Security.Clean.csproj", "{80199055-628D-42A6-9748-D34152C8D140}"
EndProject
Project("{2150E333-8FDC-42A3-9474-1A3956D46DE8}") = "02. Clean", "02. Clean", "{FE0C7C97-5504-46D0-88C6-2A56407912AF}"
EndProject
Project("{FAE04EC0-301F-11D3-BF4B-00C04F79EFBC}") = "SolidPrinciples.Security.ExtraClean", "SolidPrinciples.Security.ExtraClean\SolidPrinciples.Security.ExtraClean.csproj", "{0AC67DF6-A52F-4C37-8AE1-AFC2F728C6FE}"
EndProject
Project("{2150E333-8FDC-42A3-9474-1A3956D46DE8}") = "03. ExtraClean", "03. ExtraClean", "{530165B3-3EC1-48A5-BC3D-60B14790B9D4}"
EndProject
Project("{FAE04EC0-301F-11D3-BF4B-00C04F79EFBC}") = "SolidPrinciples.Security.SuperClean", "SolidPrinciples.Security.SuperClean\SolidPrinciples.Security.SuperClean.csproj", "{98665AC7-8071-48BE-8871-FD8B44BF5422}"
EndProject
Project("{2150E333-8FDC-42A3-9474-1A3956D46DE8}") = "04. SuperClean", "04. SuperClean", "{54C9B2A0-7E89-487A-9AEF-5FAD1C03DE0B}"
EndProject
Project("{FAE04EC0-301F-11D3-BF4B-00C04F79EFBC}") = "SolidPrinciples.Security.Interfaces", "SolidPrinciples.Security.Interfaces\SolidPrinciples.Security.Interfaces.csproj", "{047FE56B-7693-4C03-8A9D-CBF6673A2B15}"
EndProject
Project("{FAE04EC0-301F-11D3-BF4B-00C04F79EFBC}") = "SolidPrinciples.Security.Clean.Tests", "SolidPrinciples.Security.Clean.Tests\SolidPrinciples.Security.Clean.Tests.csproj", "{2828A250-40A3-4C2D-9E8F-77A61376D2A2}"
EndProject
Project("{FAE04EC0-301F-11D3-BF4B-00C04F79EFBC}") = "SolidPrinciples.Security.ExtraClean.Tests", "SolidPrinciples.Security.ExtraClean.Tests\SolidPrinciples.Security.ExtraClean.Tests.csproj", "{A23E6B31-3E89-40DA-94D6-2DD92BD05972}"
EndProject
Project("{FAE04EC0-301F-11D3-BF4B-00C04F79EFBC}") = "SolidPrinciples.Security.SuperClean.Tests", "SolidPrinciples.Security.SuperClean.Tests\SolidPrinciples.Security.SuperClean.Tests.csproj", "{A53FB02F-D3FA-40ED-AEBE-4E38608904D6}"
EndProject
Global
	GlobalSection(SolutionConfigurationPlatforms) = preSolution
		Debug|Any CPU = Debug|Any CPU
		Release|Any CPU = Release|Any CPU
	EndGlobalSection
	GlobalSection(ProjectConfigurationPlatforms) = postSolution
		{B6581C64-5220-4DF7-BE90-AB3A7E706394}.Debug|Any CPU.ActiveCfg = Debug|Any CPU
		{B6581C64-5220-4DF7-BE90-AB3A7E706394}.Debug|Any CPU.Build.0 = Debug|Any CPU
		{B6581C64-5220-4DF7-BE90-AB3A7E706394}.Release|Any CPU.ActiveCfg = Release|Any CPU
		{B6581C64-5220-4DF7-BE90-AB3A7E706394}.Release|Any CPU.Build.0 = Release|Any CPU
		{CBDC8A74-1BDE-4A8C-9C75-9AB5FF464747}.Debug|Any CPU.ActiveCfg = Debug|Any CPU
		{CBDC8A74-1BDE-4A8C-9C75-9AB5FF464747}.Debug|Any CPU.Build.0 = Debug|Any CPU
		{CBDC8A74-1BDE-4A8C-9C75-9AB5FF464747}.Release|Any CPU.ActiveCfg = Release|Any CPU
		{CBDC8A74-1BDE-4A8C-9C75-9AB5FF464747}.Release|Any CPU.Build.0 = Release|Any CPU
		{80199055-628D-42A6-9748-D34152C8D140}.Debug|Any CPU.ActiveCfg = Debug|Any CPU
		{80199055-628D-42A6-9748-D34152C8D140}.Debug|Any CPU.Build.0 = Debug|Any CPU
		{80199055-628D-42A6-9748-D34152C8D140}.Release|Any CPU.ActiveCfg = Release|Any CPU
		{80199055-628D-42A6-9748-D34152C8D140}.Release|Any CPU.Build.0 = Release|Any CPU
		{0AC67DF6-A52F-4C37-8AE1-AFC2F728C6FE}.Debug|Any CPU.ActiveCfg = Debug|Any CPU
		{0AC67DF6-A52F-4C37-8AE1-AFC2F728C6FE}.Debug|Any CPU.Build.0 = Debug|Any CPU
		{0AC67DF6-A52F-4C37-8AE1-AFC2F728C6FE}.Release|Any CPU.ActiveCfg = Release|Any CPU
		{0AC67DF6-A52F-4C37-8AE1-AFC2F728C6FE}.Release|Any CPU.Build.0 = Release|Any CPU
		{98665AC7-8071-48BE-8871-FD8B44BF5422}.Debug|Any CPU.ActiveCfg = Debug|Any CPU
		{98665AC7-8071-48BE-8871-FD8B44BF5422}.Debug|Any CPU.Build.0 = Debug|Any CPU
		{98665AC7-8071-48BE-8871-FD8B44BF5422}.Release|Any CPU.ActiveCfg = Release|Any CPU
		{98665AC7-8071-48BE-8871-FD8B44BF5422}.Release|Any CPU.Build.0 = Release|Any CPU
		{047FE56B-7693-4C03-8A9D-CBF6673A2B15}.Debug|Any CPU.ActiveCfg = Debug|Any CPU
		{047FE56B-7693-4C03-8A9D-CBF6673A2B15}.Debug|Any CPU.Build.0 = Debug|Any CPU
		{047FE56B-7693-4C03-8A9D-CBF6673A2B15}.Release|Any CPU.ActiveCfg = Release|Any CPU
		{047FE56B-7693-4C03-8A9D-CBF6673A2B15}.Release|Any CPU.Build.0 = Release|Any CPU
		{2828A250-40A3-4C2D-9E8F-77A61376D2A2}.Debug|Any CPU.ActiveCfg = Debug|Any CPU
		{2828A250-40A3-4C2D-9E8F-77A61376D2A2}.Debug|Any CPU.Build.0 = Debug|Any CPU
		{2828A250-40A3-4C2D-9E8F-77A61376D2A2}.Release|Any CPU.ActiveCfg = Release|Any CPU
		{2828A250-40A3-4C2D-9E8F-77A61376D2A2}.Release|Any CPU.Build.0 = Release|Any CPU
		{A23E6B31-3E89-40DA-94D6-2DD92BD05972}.Debug|Any CPU.ActiveCfg = Debug|Any CPU
		{A23E6B31-3E89-40DA-94D6-2DD92BD05972}.Debug|Any CPU.Build.0 = Debug|Any CPU
		{A23E6B31-3E89-40DA-94D6-2DD92BD05972}.Release|Any CPU.ActiveCfg = Release|Any CPU
		{A23E6B31-3E89-40DA-94D6-2DD92BD05972}.Release|Any CPU.Build.0 = Release|Any CPU
		{A53FB02F-D3FA-40ED-AEBE-4E38608904D6}.Debug|Any CPU.ActiveCfg = Debug|Any CPU
		{A53FB02F-D3FA-40ED-AEBE-4E38608904D6}.Debug|Any CPU.Build.0 = Debug|Any CPU
		{A53FB02F-D3FA-40ED-AEBE-4E38608904D6}.Release|Any CPU.ActiveCfg = Release|Any CPU
		{A53FB02F-D3FA-40ED-AEBE-4E38608904D6}.Release|Any CPU.Build.0 = Release|Any CPU
	EndGlobalSection
	GlobalSection(SolutionProperties) = preSolution
		HideSolutionNode = FALSE
	EndGlobalSection
	GlobalSection(NestedProjects) = preSolution
		{CBDC8A74-1BDE-4A8C-9C75-9AB5FF464747} = {ED08D33E-F2EC-4EB3-BBF5-D07952BAE264}
		{80199055-628D-42A6-9748-D34152C8D140} = {FE0C7C97-5504-46D0-88C6-2A56407912AF}
		{0AC67DF6-A52F-4C37-8AE1-AFC2F728C6FE} = {530165B3-3EC1-48A5-BC3D-60B14790B9D4}
		{98665AC7-8071-48BE-8871-FD8B44BF5422} = {54C9B2A0-7E89-487A-9AEF-5FAD1C03DE0B}
		{047FE56B-7693-4C03-8A9D-CBF6673A2B15} = {54C9B2A0-7E89-487A-9AEF-5FAD1C03DE0B}
		{2828A250-40A3-4C2D-9E8F-77A61376D2A2} = {FE0C7C97-5504-46D0-88C6-2A56407912AF}
		{A23E6B31-3E89-40DA-94D6-2DD92BD05972} = {530165B3-3EC1-48A5-BC3D-60B14790B9D4}
		{A53FB02F-D3FA-40ED-AEBE-4E38608904D6} = {54C9B2A0-7E89-487A-9AEF-5FAD1C03DE0B}
	EndGlobalSection
EndGlobal
